
Microsoft Visual Studio Solution File, Format Version 12.00
# Visual Studio 15
Project("{FAE04EC0-301F-11D3-BF4B-00C04F79EFBC}") = "Assembly-CSharp", "Assembly-CSharp.csproj", "{1F109603-974E-9178-4442-159273672AD7}"
EndProject
Project("{FAE04EC0-301F-11D3-BF4B-00C04F79EFBC}") = "Assembly-CSharp-Editor", "Assembly-CSharp-Editor.csproj", "{E855DACD-A0D3-9B1D-22FA-C7C7E747A4CB}"
EndProject
Global
	GlobalSection(SolutionConfigurationPlatforms) = preSolution
		Debug|Any CPU = Debug|Any CPU
		Release|Any CPU = Release|Any CPU
	EndGlobalSection
	GlobalSection(ProjectConfigurationPlatforms) = postSolution
		{1F109603-974E-9178-4442-159273672AD7}.Debug|Any CPU.ActiveCfg = Debug|Any CPU
		{1F109603-974E-9178-4442-159273672AD7}.Debug|Any CPU.Build.0 = Debug|Any CPU
		{1F109603-974E-9178-4442-159273672AD7}.Release|Any CPU.ActiveCfg = Release|Any CPU
		{1F109603-974E-9178-4442-159273672AD7}.Release|Any CPU.Build.0 = Release|Any CPU
		{E855DACD-A0D3-9B1D-22FA-C7C7E747A4CB}.Debug|Any CPU.ActiveCfg = Debug|Any CPU
		{E855DACD-A0D3-9B1D-22FA-C7C7E747A4CB}.Debug|Any CPU.Build.0 = Debug|Any CPU
		{E855DACD-A0D3-9B1D-22FA-C7C7E747A4CB}.Release|Any CPU.ActiveCfg = Release|Any CPU
		{E855DACD-A0D3-9B1D-22FA-C7C7E747A4CB}.Release|Any CPU.Build.0 = Release|Any CPU
	EndGlobalSection
	GlobalSection(SolutionProperties) = preSolution
		HideSolutionNode = FALSE
	EndGlobalSection
EndGlobal
